// !$*UTF8*$!
{
	archiveVersion = 1;
	classes = {
	};
	objectVersion = 56;
	objects = {

/* Begin PBXBuildFile section */
		46054D5B2A036EC20006644D /* PostsDetailScreen.swift in Sources */ = {isa = PBXBuildFile; fileRef = 46054D5A2A036EC20006644D /* PostsDetailScreen.swift */; };
		46054D5C2A03750B0006644D /* Constants.swift in Sources */ = {isa = PBXBuildFile; fileRef = 46177D5F29E557C100EB27B1 /* Constants.swift */; };
		46054D5F2A0375E70006644D /* AssertFunctions.swift in Sources */ = {isa = PBXBuildFile; fileRef = 46054D5E2A0375E70006644D /* AssertFunctions.swift */; };
		46054D612A03761A0006644D /* XCUIElementQuery.swift in Sources */ = {isa = PBXBuildFile; fileRef = 46054D602A03761A0006644D /* XCUIElementQuery.swift */; };
		46177D2929E52D0B00EB27B1 /* PostsCleanAndMVVMApp.swift in Sources */ = {isa = PBXBuildFile; fileRef = 46177D2829E52D0B00EB27B1 /* PostsCleanAndMVVMApp.swift */; };
		46177D2B29E52D0B00EB27B1 /* PostsView.swift in Sources */ = {isa = PBXBuildFile; fileRef = 46177D2A29E52D0B00EB27B1 /* PostsView.swift */; };
		46177D2D29E52D0E00EB27B1 /* Assets.xcassets in Resources */ = {isa = PBXBuildFile; fileRef = 46177D2C29E52D0E00EB27B1 /* Assets.xcassets */; };
		46177D3129E52D0E00EB27B1 /* Preview Assets.xcassets in Resources */ = {isa = PBXBuildFile; fileRef = 46177D3029E52D0E00EB27B1 /* Preview Assets.xcassets */; };
		46177D3B29E52D0E00EB27B1 /* DataFetcherRepositoryTests.swift in Sources */ = {isa = PBXBuildFile; fileRef = 46177D3A29E52D0E00EB27B1 /* DataFetcherRepositoryTests.swift */; };
		46177D4529E52D0E00EB27B1 /* PostsCleanAndMVVMUITests.swift in Sources */ = {isa = PBXBuildFile; fileRef = 46177D4429E52D0E00EB27B1 /* PostsCleanAndMVVMUITests.swift */; };
		46177D4729E52D0E00EB27B1 /* PostsCleanAndMVVMUITestsLaunchTests.swift in Sources */ = {isa = PBXBuildFile; fileRef = 46177D4629E52D0E00EB27B1 /* PostsCleanAndMVVMUITestsLaunchTests.swift */; };
		46177D5429E5326500EB27B1 /* PostRowView.swift in Sources */ = {isa = PBXBuildFile; fileRef = 46177D5329E5326500EB27B1 /* PostRowView.swift */; };
		46177D5929E5549900EB27B1 /* Post.swift in Sources */ = {isa = PBXBuildFile; fileRef = 46177D5829E5549900EB27B1 /* Post.swift */; };
		46177D5D29E5557D00EB27B1 /* PostViewModel.swift in Sources */ = {isa = PBXBuildFile; fileRef = 46177D5C29E5557D00EB27B1 /* PostViewModel.swift */; };
		46177D6029E557C100EB27B1 /* Constants.swift in Sources */ = {isa = PBXBuildFile; fileRef = 46177D5F29E557C100EB27B1 /* Constants.swift */; };
		46177D6529E55A4700EB27B1 /* PostsDataFetchRepository.swift in Sources */ = {isa = PBXBuildFile; fileRef = 46177D6429E55A4700EB27B1 /* PostsDataFetchRepository.swift */; };
		46177D6929E55B5600EB27B1 /* FetchPostsDataService.swift in Sources */ = {isa = PBXBuildFile; fileRef = 46177D6829E55B5600EB27B1 /* FetchPostsDataService.swift */; };
		46177D6B29E55B6700EB27B1 /* URLSessionDataTaskProtocol.swift in Sources */ = {isa = PBXBuildFile; fileRef = 46177D6A29E55B6700EB27B1 /* URLSessionDataTaskProtocol.swift */; };
		46177D6D29E55BBF00EB27B1 /* URLSessionProtocol.swift in Sources */ = {isa = PBXBuildFile; fileRef = 46177D6C29E55BBF00EB27B1 /* URLSessionProtocol.swift */; };
		461FE77C29EE729D003D7188 /* GetPostsUseCase.swift in Sources */ = {isa = PBXBuildFile; fileRef = 46EAFB2629E7C17300EF22E5 /* GetPostsUseCase.swift */; };
		461FE77E29EE776E003D7188 /* GetPostsUseCaseTests.swift in Sources */ = {isa = PBXBuildFile; fileRef = 461FE77D29EE776E003D7188 /* GetPostsUseCaseTests.swift */; };
		461FE78029EE7DA0003D7188 /* MockGetPostsUseCase.swift in Sources */ = {isa = PBXBuildFile; fileRef = 461FE77F29EE7DA0003D7188 /* MockGetPostsUseCase.swift */; };
		461FE78229EE964C003D7188 /* MockDataFetchRepository.swift in Sources */ = {isa = PBXBuildFile; fileRef = 461FE78129EE964C003D7188 /* MockDataFetchRepository.swift */; };
		46B7F10529E6A62500EC2B6C /* Post.json in Resources */ = {isa = PBXBuildFile; fileRef = 46B7F10429E6A62500EC2B6C /* Post.json */; };
		46B7F10729E6A67A00EC2B6C /* MockURLSessionDataTaskProtocol.swift in Sources */ = {isa = PBXBuildFile; fileRef = 46B7F10629E6A67A00EC2B6C /* MockURLSessionDataTaskProtocol.swift */; };
		46B7F10829E6A69B00EC2B6C /* URLSessionDataTaskProtocol.swift in Sources */ = {isa = PBXBuildFile; fileRef = 46177D6A29E55B6700EB27B1 /* URLSessionDataTaskProtocol.swift */; };
		46B7F10929E6A6A100EC2B6C /* URLSessionProtocol.swift in Sources */ = {isa = PBXBuildFile; fileRef = 46177D6C29E55BBF00EB27B1 /* URLSessionProtocol.swift */; };
		46B7F10B29E6A6EE00EC2B6C /* MockURLSessionProtocol.swift in Sources */ = {isa = PBXBuildFile; fileRef = 46B7F10A29E6A6EE00EC2B6C /* MockURLSessionProtocol.swift */; };
		46B7F10D29E6A74200EC2B6C /* MockFetchPostsDataService.swift in Sources */ = {isa = PBXBuildFile; fileRef = 46B7F10C29E6A74200EC2B6C /* MockFetchPostsDataService.swift */; };
		46B7F10E29E6A75700EC2B6C /* FetchPostsDataService.swift in Sources */ = {isa = PBXBuildFile; fileRef = 46177D6829E55B5600EB27B1 /* FetchPostsDataService.swift */; };
		46B7F10F29E6A79A00EC2B6C /* Post.swift in Sources */ = {isa = PBXBuildFile; fileRef = 46177D5829E5549900EB27B1 /* Post.swift */; };
		46B7F11029E6A84400EC2B6C /* PostsDataFetchRepository.swift in Sources */ = {isa = PBXBuildFile; fileRef = 46177D6429E55A4700EB27B1 /* PostsDataFetchRepository.swift */; };
		46B7F11129E6A87900EC2B6C /* Constants.swift in Sources */ = {isa = PBXBuildFile; fileRef = 46177D5F29E557C100EB27B1 /* Constants.swift */; };
		46B7F11529E6A9A300EC2B6C /* MockPost.swift in Sources */ = {isa = PBXBuildFile; fileRef = 46B7F11429E6A9A300EC2B6C /* MockPost.swift */; };
		46B7F11729E6B15600EC2B6C /* PostViewModelTests.swift in Sources */ = {isa = PBXBuildFile; fileRef = 46B7F11629E6B15600EC2B6C /* PostViewModelTests.swift */; };
		46B7F11829E6B19E00EC2B6C /* PostViewModel.swift in Sources */ = {isa = PBXBuildFile; fileRef = 46177D5C29E5557D00EB27B1 /* PostViewModel.swift */; };
		46EAFB2729E7C17300EF22E5 /* GetPostsUseCase.swift in Sources */ = {isa = PBXBuildFile; fileRef = 46EAFB2629E7C17300EF22E5 /* GetPostsUseCase.swift */; };
/* End PBXBuildFile section */

/* Begin PBXContainerItemProxy section */
		46177D3729E52D0E00EB27B1 /* PBXContainerItemProxy */ = {
			isa = PBXContainerItemProxy;
			containerPortal = 46177D1D29E52D0B00EB27B1 /* Project object */;
			proxyType = 1;
			remoteGlobalIDString = 46177D2429E52D0B00EB27B1;
			remoteInfo = PostsCleanAndMVVM;
		};
		46177D4129E52D0E00EB27B1 /* PBXContainerItemProxy */ = {
			isa = PBXContainerItemProxy;
			containerPortal = 46177D1D29E52D0B00EB27B1 /* Project object */;
			proxyType = 1;
			remoteGlobalIDString = 46177D2429E52D0B00EB27B1;
			remoteInfo = PostsCleanAndMVVM;
		};
/* End PBXContainerItemProxy section */

/* Begin PBXFileReference section */
		46054D5A2A036EC20006644D /* PostsDetailScreen.swift */ = {isa = PBXFileReference; lastKnownFileType = sourcecode.swift; path = PostsDetailScreen.swift; sourceTree = "<group>"; };
		46054D5E2A0375E70006644D /* AssertFunctions.swift */ = {isa = PBXFileReference; lastKnownFileType = sourcecode.swift; path = AssertFunctions.swift; sourceTree = "<group>"; };
		46054D602A03761A0006644D /* XCUIElementQuery.swift */ = {isa = PBXFileReference; lastKnownFileType = sourcecode.swift; path = XCUIElementQuery.swift; sourceTree = "<group>"; };
		46177D2529E52D0B00EB27B1 /* PostsCleanAndMVVM.app */ = {isa = PBXFileReference; explicitFileType = wrapper.application; includeInIndex = 0; path = PostsCleanAndMVVM.app; sourceTree = BUILT_PRODUCTS_DIR; };
		46177D2829E52D0B00EB27B1 /* PostsCleanAndMVVMApp.swift */ = {isa = PBXFileReference; lastKnownFileType = sourcecode.swift; path = PostsCleanAndMVVMApp.swift; sourceTree = "<group>"; };
		46177D2A29E52D0B00EB27B1 /* PostsView.swift */ = {isa = PBXFileReference; lastKnownFileType = sourcecode.swift; path = PostsView.swift; sourceTree = "<group>"; };
		46177D2C29E52D0E00EB27B1 /* Assets.xcassets */ = {isa = PBXFileReference; lastKnownFileType = folder.assetcatalog; path = Assets.xcassets; sourceTree = "<group>"; };
		46177D2E29E52D0E00EB27B1 /* PostsCleanAndMVVM.entitlements */ = {isa = PBXFileReference; lastKnownFileType = text.plist.entitlements; path = PostsCleanAndMVVM.entitlements; sourceTree = "<group>"; };
		46177D3029E52D0E00EB27B1 /* Preview Assets.xcassets */ = {isa = PBXFileReference; lastKnownFileType = folder.assetcatalog; path = "Preview Assets.xcassets"; sourceTree = "<group>"; };
		46177D3629E52D0E00EB27B1 /* PostsCleanAndMVVMTests.xctest */ = {isa = PBXFileReference; explicitFileType = wrapper.cfbundle; includeInIndex = 0; path = PostsCleanAndMVVMTests.xctest; sourceTree = BUILT_PRODUCTS_DIR; };
		46177D3A29E52D0E00EB27B1 /* DataFetcherRepositoryTests.swift */ = {isa = PBXFileReference; lastKnownFileType = sourcecode.swift; path = DataFetcherRepositoryTests.swift; sourceTree = "<group>"; };
		46177D4029E52D0E00EB27B1 /* PostsCleanAndMVVMUITests.xctest */ = {isa = PBXFileReference; explicitFileType = wrapper.cfbundle; includeInIndex = 0; path = PostsCleanAndMVVMUITests.xctest; sourceTree = BUILT_PRODUCTS_DIR; };
		46177D4429E52D0E00EB27B1 /* PostsCleanAndMVVMUITests.swift */ = {isa = PBXFileReference; lastKnownFileType = sourcecode.swift; path = PostsCleanAndMVVMUITests.swift; sourceTree = "<group>"; };
		46177D4629E52D0E00EB27B1 /* PostsCleanAndMVVMUITestsLaunchTests.swift */ = {isa = PBXFileReference; lastKnownFileType = sourcecode.swift; path = PostsCleanAndMVVMUITestsLaunchTests.swift; sourceTree = "<group>"; };
		46177D5329E5326500EB27B1 /* PostRowView.swift */ = {isa = PBXFileReference; lastKnownFileType = sourcecode.swift; path = PostRowView.swift; sourceTree = "<group>"; };
		46177D5829E5549900EB27B1 /* Post.swift */ = {isa = PBXFileReference; lastKnownFileType = sourcecode.swift; path = Post.swift; sourceTree = "<group>"; };
		46177D5C29E5557D00EB27B1 /* PostViewModel.swift */ = {isa = PBXFileReference; lastKnownFileType = sourcecode.swift; path = PostViewModel.swift; sourceTree = "<group>"; };
		46177D5F29E557C100EB27B1 /* Constants.swift */ = {isa = PBXFileReference; lastKnownFileType = sourcecode.swift; path = Constants.swift; sourceTree = "<group>"; };
		46177D6429E55A4700EB27B1 /* PostsDataFetchRepository.swift */ = {isa = PBXFileReference; lastKnownFileType = sourcecode.swift; path = PostsDataFetchRepository.swift; sourceTree = "<group>"; };
		46177D6829E55B5600EB27B1 /* FetchPostsDataService.swift */ = {isa = PBXFileReference; lastKnownFileType = sourcecode.swift; path = FetchPostsDataService.swift; sourceTree = "<group>"; };
		46177D6A29E55B6700EB27B1 /* URLSessionDataTaskProtocol.swift */ = {isa = PBXFileReference; lastKnownFileType = sourcecode.swift; path = URLSessionDataTaskProtocol.swift; sourceTree = "<group>"; };
		46177D6C29E55BBF00EB27B1 /* URLSessionProtocol.swift */ = {isa = PBXFileReference; lastKnownFileType = sourcecode.swift; path = URLSessionProtocol.swift; sourceTree = "<group>"; };
		461FE77D29EE776E003D7188 /* GetPostsUseCaseTests.swift */ = {isa = PBXFileReference; lastKnownFileType = sourcecode.swift; path = GetPostsUseCaseTests.swift; sourceTree = "<group>"; };
		461FE77F29EE7DA0003D7188 /* MockGetPostsUseCase.swift */ = {isa = PBXFileReference; lastKnownFileType = sourcecode.swift; path = MockGetPostsUseCase.swift; sourceTree = "<group>"; };
		461FE78129EE964C003D7188 /* MockDataFetchRepository.swift */ = {isa = PBXFileReference; lastKnownFileType = sourcecode.swift; path = MockDataFetchRepository.swift; sourceTree = "<group>"; };
		46B7F10429E6A62500EC2B6C /* Post.json */ = {isa = PBXFileReference; fileEncoding = 4; lastKnownFileType = text.json; path = Post.json; sourceTree = "<group>"; };
		46B7F10629E6A67A00EC2B6C /* MockURLSessionDataTaskProtocol.swift */ = {isa = PBXFileReference; lastKnownFileType = sourcecode.swift; path = MockURLSessionDataTaskProtocol.swift; sourceTree = "<group>"; };
		46B7F10A29E6A6EE00EC2B6C /* MockURLSessionProtocol.swift */ = {isa = PBXFileReference; lastKnownFileType = sourcecode.swift; path = MockURLSessionProtocol.swift; sourceTree = "<group>"; };
		46B7F10C29E6A74200EC2B6C /* MockFetchPostsDataService.swift */ = {isa = PBXFileReference; lastKnownFileType = sourcecode.swift; path = MockFetchPostsDataService.swift; sourceTree = "<group>"; };
		46B7F11429E6A9A300EC2B6C /* MockPost.swift */ = {isa = PBXFileReference; lastKnownFileType = sourcecode.swift; path = MockPost.swift; sourceTree = "<group>"; };
		46B7F11629E6B15600EC2B6C /* PostViewModelTests.swift */ = {isa = PBXFileReference; lastKnownFileType = sourcecode.swift; path = PostViewModelTests.swift; sourceTree = "<group>"; };
		46EAFB2629E7C17300EF22E5 /* GetPostsUseCase.swift */ = {isa = PBXFileReference; lastKnownFileType = sourcecode.swift; path = GetPostsUseCase.swift; sourceTree = "<group>"; };
/* End PBXFileReference section */

/* Begin PBXFrameworksBuildPhase section */
		46177D2229E52D0B00EB27B1 /* Frameworks */ = {
			isa = PBXFrameworksBuildPhase;
			buildActionMask = 2147483647;
			files = (
			);
			runOnlyForDeploymentPostprocessing = 0;
		};
		46177D3329E52D0E00EB27B1 /* Frameworks */ = {
			isa = PBXFrameworksBuildPhase;
			buildActionMask = 2147483647;
			files = (
			);
			runOnlyForDeploymentPostprocessing = 0;
		};
		46177D3D29E52D0E00EB27B1 /* Frameworks */ = {
			isa = PBXFrameworksBuildPhase;
			buildActionMask = 2147483647;
			files = (
			);
			runOnlyForDeploymentPostprocessing = 0;
		};
/* End PBXFrameworksBuildPhase section */

/* Begin PBXGroup section */
		46054D5D2A0375B70006644D /* Utilities */ = {
			isa = PBXGroup;
			children = (
				46054D5E2A0375E70006644D /* AssertFunctions.swift */,
				46054D602A03761A0006644D /* XCUIElementQuery.swift */,
			);
			path = Utilities;
			sourceTree = "<group>";
		};
		46177D1C29E52D0B00EB27B1 = {
			isa = PBXGroup;
			children = (
				46177D2729E52D0B00EB27B1 /* PostsCleanAndMVVM */,
				46177D3929E52D0E00EB27B1 /* PostsCleanAndMVVMTests */,
				46177D4329E52D0E00EB27B1 /* PostsCleanAndMVVMUITests */,
				46177D2629E52D0B00EB27B1 /* Products */,
			);
			sourceTree = "<group>";
		};
		46177D2629E52D0B00EB27B1 /* Products */ = {
			isa = PBXGroup;
			children = (
				46177D2529E52D0B00EB27B1 /* PostsCleanAndMVVM.app */,
				46177D3629E52D0E00EB27B1 /* PostsCleanAndMVVMTests.xctest */,
				46177D4029E52D0E00EB27B1 /* PostsCleanAndMVVMUITests.xctest */,
			);
			name = Products;
			sourceTree = "<group>";
		};
		46177D2729E52D0B00EB27B1 /* PostsCleanAndMVVM */ = {
			isa = PBXGroup;
			children = (
				46177D6129E558D100EB27B1 /* Application */,
				46177D5729E5546A00EB27B1 /* Model */,
				46177D5A29E554AE00EB27B1 /* View */,
				46177D5B29E5556700EB27B1 /* ViewModel */,
				46EAFB2529E7C13400EF22E5 /* UseCase */,
				46177D6229E55A1400EB27B1 /* Network */,
				46177D5E29E557AE00EB27B1 /* System */,
				46177D2C29E52D0E00EB27B1 /* Assets.xcassets */,
				46177D2E29E52D0E00EB27B1 /* PostsCleanAndMVVM.entitlements */,
				46177D2F29E52D0E00EB27B1 /* Preview Content */,
			);
			path = PostsCleanAndMVVM;
			sourceTree = "<group>";
		};
		46177D2F29E52D0E00EB27B1 /* Preview Content */ = {
			isa = PBXGroup;
			children = (
				46177D3029E52D0E00EB27B1 /* Preview Assets.xcassets */,
			);
			path = "Preview Content";
			sourceTree = "<group>";
		};
		46177D3929E52D0E00EB27B1 /* PostsCleanAndMVVMTests */ = {
			isa = PBXGroup;
			children = (
				46B7F10629E6A67A00EC2B6C /* MockURLSessionDataTaskProtocol.swift */,
				46B7F10A29E6A6EE00EC2B6C /* MockURLSessionProtocol.swift */,
				46B7F10C29E6A74200EC2B6C /* MockFetchPostsDataService.swift */,
				46B7F10429E6A62500EC2B6C /* Post.json */,
				46B7F11429E6A9A300EC2B6C /* MockPost.swift */,
				46177D3A29E52D0E00EB27B1 /* DataFetcherRepositoryTests.swift */,
				461FE78129EE964C003D7188 /* MockDataFetchRepository.swift */,
				461FE77D29EE776E003D7188 /* GetPostsUseCaseTests.swift */,
				461FE77F29EE7DA0003D7188 /* MockGetPostsUseCase.swift */,
				46B7F11629E6B15600EC2B6C /* PostViewModelTests.swift */,
			);
			path = PostsCleanAndMVVMTests;
			sourceTree = "<group>";
		};
		46177D4329E52D0E00EB27B1 /* PostsCleanAndMVVMUITests */ = {
			isa = PBXGroup;
			children = (
				46054D5D2A0375B70006644D /* Utilities */,
				46177D4429E52D0E00EB27B1 /* PostsCleanAndMVVMUITests.swift */,
				46177D4629E52D0E00EB27B1 /* PostsCleanAndMVVMUITestsLaunchTests.swift */,
			);
			path = PostsCleanAndMVVMUITests;
			sourceTree = "<group>";
		};
		46177D5729E5546A00EB27B1 /* Model */ = {
			isa = PBXGroup;
			children = (
				46177D5829E5549900EB27B1 /* Post.swift */,
			);
			path = Model;
			sourceTree = "<group>";
		};
		46177D5A29E554AE00EB27B1 /* View */ = {
			isa = PBXGroup;
			children = (
				46177D5329E5326500EB27B1 /* PostRowView.swift */,
				46177D2A29E52D0B00EB27B1 /* PostsView.swift */,
				46054D5A2A036EC20006644D /* PostsDetailScreen.swift */,
			);
			path = View;
			sourceTree = "<group>";
		};
		46177D5B29E5556700EB27B1 /* ViewModel */ = {
			isa = PBXGroup;
			children = (
				46177D5C29E5557D00EB27B1 /* PostViewModel.swift */,
			);
			path = ViewModel;
			sourceTree = "<group>";
		};
		46177D5E29E557AE00EB27B1 /* System */ = {
			isa = PBXGroup;
			children = (
				46177D5F29E557C100EB27B1 /* Constants.swift */,
			);
			path = System;
			sourceTree = "<group>";
		};
		46177D6129E558D100EB27B1 /* Application */ = {
			isa = PBXGroup;
			children = (
				46177D2829E52D0B00EB27B1 /* PostsCleanAndMVVMApp.swift */,
			);
			path = Application;
			sourceTree = "<group>";
		};
		46177D6229E55A1400EB27B1 /* Network */ = {
			isa = PBXGroup;
			children = (
				46177D6729E55B4800EB27B1 /* Protocol */,
				46177D6429E55A4700EB27B1 /* PostsDataFetchRepository.swift */,
			);
			path = Network;
			sourceTree = "<group>";
		};
		46177D6729E55B4800EB27B1 /* Protocol */ = {
			isa = PBXGroup;
			children = (
				46177D6829E55B5600EB27B1 /* FetchPostsDataService.swift */,
				46177D6A29E55B6700EB27B1 /* URLSessionDataTaskProtocol.swift */,
				46177D6C29E55BBF00EB27B1 /* URLSessionProtocol.swift */,
			);
			path = Protocol;
			sourceTree = "<group>";
		};
		46EAFB2529E7C13400EF22E5 /* UseCase */ = {
			isa = PBXGroup;
			children = (
				46EAFB2629E7C17300EF22E5 /* GetPostsUseCase.swift */,
			);
			path = UseCase;
			sourceTree = "<group>";
		};
/* End PBXGroup section */

/* Begin PBXNativeTarget section */
		46177D2429E52D0B00EB27B1 /* PostsCleanAndMVVM */ = {
			isa = PBXNativeTarget;
			buildConfigurationList = 46177D4A29E52D0E00EB27B1 /* Build configuration list for PBXNativeTarget "PostsCleanAndMVVM" */;
			buildPhases = (
				46177D2129E52D0B00EB27B1 /* Sources */,
				46177D2229E52D0B00EB27B1 /* Frameworks */,
				46177D2329E52D0B00EB27B1 /* Resources */,
			);
			buildRules = (
			);
			dependencies = (
			);
			name = PostsCleanAndMVVM;
			productName = PostsCleanAndMVVM;
			productReference = 46177D2529E52D0B00EB27B1 /* PostsCleanAndMVVM.app */;
			productType = "com.apple.product-type.application";
		};
		46177D3529E52D0E00EB27B1 /* PostsCleanAndMVVMTests */ = {
			isa = PBXNativeTarget;
			buildConfigurationList = 46177D4D29E52D0E00EB27B1 /* Build configuration list for PBXNativeTarget "PostsCleanAndMVVMTests" */;
			buildPhases = (
				46177D3229E52D0E00EB27B1 /* Sources */,
				46177D3329E52D0E00EB27B1 /* Frameworks */,
				46177D3429E52D0E00EB27B1 /* Resources */,
			);
			buildRules = (
			);
			dependencies = (
				46177D3829E52D0E00EB27B1 /* PBXTargetDependency */,
			);
			name = PostsCleanAndMVVMTests;
			productName = PostsCleanAndMVVMTests;
			productReference = 46177D3629E52D0E00EB27B1 /* PostsCleanAndMVVMTests.xctest */;
			productType = "com.apple.product-type.bundle.unit-test";
		};
		46177D3F29E52D0E00EB27B1 /* PostsCleanAndMVVMUITests */ = {
			isa = PBXNativeTarget;
			buildConfigurationList = 46177D5029E52D0E00EB27B1 /* Build configuration list for PBXNativeTarget "PostsCleanAndMVVMUITests" */;
			buildPhases = (
				46177D3C29E52D0E00EB27B1 /* Sources */,
				46177D3D29E52D0E00EB27B1 /* Frameworks */,
				46177D3E29E52D0E00EB27B1 /* Resources */,
			);
			buildRules = (
			);
			dependencies = (
				46177D4229E52D0E00EB27B1 /* PBXTargetDependency */,
			);
			name = PostsCleanAndMVVMUITests;
			productName = PostsCleanAndMVVMUITests;
			productReference = 46177D4029E52D0E00EB27B1 /* PostsCleanAndMVVMUITests.xctest */;
			productType = "com.apple.product-type.bundle.ui-testing";
		};
/* End PBXNativeTarget section */

/* Begin PBXProject section */
		46177D1D29E52D0B00EB27B1 /* Project object */ = {
			isa = PBXProject;
			attributes = {
				BuildIndependentTargetsInParallel = 1;
				LastSwiftUpdateCheck = 1400;
				LastUpgradeCheck = 1400;
				TargetAttributes = {
					46177D2429E52D0B00EB27B1 = {
						CreatedOnToolsVersion = 14.0;
					};
					46177D3529E52D0E00EB27B1 = {
						CreatedOnToolsVersion = 14.0;
						TestTargetID = 46177D2429E52D0B00EB27B1;
					};
					46177D3F29E52D0E00EB27B1 = {
						CreatedOnToolsVersion = 14.0;
						TestTargetID = 46177D2429E52D0B00EB27B1;
					};
				};
			};
			buildConfigurationList = 46177D2029E52D0B00EB27B1 /* Build configuration list for PBXProject "PostsCleanAndMVVM" */;
			compatibilityVersion = "Xcode 14.0";
			developmentRegion = en;
			hasScannedForEncodings = 0;
			knownRegions = (
				en,
				Base,
			);
			mainGroup = 46177D1C29E52D0B00EB27B1;
			productRefGroup = 46177D2629E52D0B00EB27B1 /* Products */;
			projectDirPath = "";
			projectRoot = "";
			targets = (
				46177D2429E52D0B00EB27B1 /* PostsCleanAndMVVM */,
				46177D3529E52D0E00EB27B1 /* PostsCleanAndMVVMTests */,
				46177D3F29E52D0E00EB27B1 /* PostsCleanAndMVVMUITests */,
			);
		};
/* End PBXProject section */

/* Begin PBXResourcesBuildPhase section */
		46177D2329E52D0B00EB27B1 /* Resources */ = {
			isa = PBXResourcesBuildPhase;
			buildActionMask = 2147483647;
			files = (
				46177D3129E52D0E00EB27B1 /* Preview Assets.xcassets in Resources */,
				46177D2D29E52D0E00EB27B1 /* Assets.xcassets in Resources */,
			);
			runOnlyForDeploymentPostprocessing = 0;
		};
		46177D3429E52D0E00EB27B1 /* Resources */ = {
			isa = PBXResourcesBuildPhase;
			buildActionMask = 2147483647;
			files = (
				46B7F10529E6A62500EC2B6C /* Post.json in Resources */,
			);
			runOnlyForDeploymentPostprocessing = 0;
		};
		46177D3E29E52D0E00EB27B1 /* Resources */ = {
			isa = PBXResourcesBuildPhase;
			buildActionMask = 2147483647;
			files = (
			);
			runOnlyForDeploymentPostprocessing = 0;
		};
/* End PBXResourcesBuildPhase section */

/* Begin PBXSourcesBuildPhase section */
		46177D2129E52D0B00EB27B1 /* Sources */ = {
			isa = PBXSourcesBuildPhase;
			buildActionMask = 2147483647;
			files = (
				46177D6D29E55BBF00EB27B1 /* URLSessionProtocol.swift in Sources */,
				46177D5D29E5557D00EB27B1 /* PostViewModel.swift in Sources */,
				46054D5B2A036EC20006644D /* PostsDetailScreen.swift in Sources */,
				46177D5429E5326500EB27B1 /* PostRowView.swift in Sources */,
				46177D6B29E55B6700EB27B1 /* URLSessionDataTaskProtocol.swift in Sources */,
				46177D2B29E52D0B00EB27B1 /* PostsView.swift in Sources */,
				46177D6929E55B5600EB27B1 /* FetchPostsDataService.swift in Sources */,
				46177D2929E52D0B00EB27B1 /* PostsCleanAndMVVMApp.swift in Sources */,
				46EAFB2729E7C17300EF22E5 /* GetPostsUseCase.swift in Sources */,
				46177D5929E5549900EB27B1 /* Post.swift in Sources */,
				46177D6029E557C100EB27B1 /* Constants.swift in Sources */,
				46177D6529E55A4700EB27B1 /* PostsDataFetchRepository.swift in Sources */,
			);
			runOnlyForDeploymentPostprocessing = 0;
		};
		46177D3229E52D0E00EB27B1 /* Sources */ = {
			isa = PBXSourcesBuildPhase;
			buildActionMask = 2147483647;
			files = (
				461FE78029EE7DA0003D7188 /* MockGetPostsUseCase.swift in Sources */,
				46B7F11829E6B19E00EC2B6C /* PostViewModel.swift in Sources */,
				46B7F11729E6B15600EC2B6C /* PostViewModelTests.swift in Sources */,
				46B7F10929E6A6A100EC2B6C /* URLSessionProtocol.swift in Sources */,
				46B7F10B29E6A6EE00EC2B6C /* MockURLSessionProtocol.swift in Sources */,
				461FE78229EE964C003D7188 /* MockDataFetchRepository.swift in Sources */,
				461FE77C29EE729D003D7188 /* GetPostsUseCase.swift in Sources */,
				46177D3B29E52D0E00EB27B1 /* DataFetcherRepositoryTests.swift in Sources */,
				46B7F10F29E6A79A00EC2B6C /* Post.swift in Sources */,
				46B7F10729E6A67A00EC2B6C /* MockURLSessionDataTaskProtocol.swift in Sources */,
				46B7F11129E6A87900EC2B6C /* Constants.swift in Sources */,
				46B7F10829E6A69B00EC2B6C /* URLSessionDataTaskProtocol.swift in Sources */,
				46B7F11029E6A84400EC2B6C /* PostsDataFetchRepository.swift in Sources */,
				461FE77E29EE776E003D7188 /* GetPostsUseCaseTests.swift in Sources */,
				46B7F10E29E6A75700EC2B6C /* FetchPostsDataService.swift in Sources */,
				46B7F11529E6A9A300EC2B6C /* MockPost.swift in Sources */,
				46B7F10D29E6A74200EC2B6C /* MockFetchPostsDataService.swift in Sources */,
			);
			runOnlyForDeploymentPostprocessing = 0;
		};
		46177D3C29E52D0E00EB27B1 /* Sources */ = {
			isa = PBXSourcesBuildPhase;
			buildActionMask = 2147483647;
			files = (
				46177D4729E52D0E00EB27B1 /* PostsCleanAndMVVMUITestsLaunchTests.swift in Sources */,
				46177D4529E52D0E00EB27B1 /* PostsCleanAndMVVMUITests.swift in Sources */,
				46054D5C2A03750B0006644D /* Constants.swift in Sources */,
				46054D612A03761A0006644D /* XCUIElementQuery.swift in Sources */,
				46054D5F2A0375E70006644D /* AssertFunctions.swift in Sources */,
			);
			runOnlyForDeploymentPostprocessing = 0;
		};
/* End PBXSourcesBuildPhase section */

/* Begin PBXTargetDependency section */
		46177D3829E52D0E00EB27B1 /* PBXTargetDependency */ = {
			isa = PBXTargetDependency;
			target = 46177D2429E52D0B00EB27B1 /* PostsCleanAndMVVM */;
			targetProxy = 46177D3729E52D0E00EB27B1 /* PBXContainerItemProxy */;
		};
		46177D4229E52D0E00EB27B1 /* PBXTargetDependency */ = {
			isa = PBXTargetDependency;
			target = 46177D2429E52D0B00EB27B1 /* PostsCleanAndMVVM */;
			targetProxy = 46177D4129E52D0E00EB27B1 /* PBXContainerItemProxy */;
		};
/* End PBXTargetDependency section */

/* Begin XCBuildConfiguration section */
		46177D4829E52D0E00EB27B1 /* Debug */ = {
			isa = XCBuildConfiguration;
			buildSettings = {
				ALWAYS_SEARCH_USER_PATHS = NO;
				CLANG_ANALYZER_NONNULL = YES;
				CLANG_ANALYZER_NUMBER_OBJECT_CONVERSION = YES_AGGRESSIVE;
				CLANG_CXX_LANGUAGE_STANDARD = "gnu++20";
				CLANG_ENABLE_MODULES = YES;
				CLANG_ENABLE_OBJC_ARC = YES;
				CLANG_ENABLE_OBJC_WEAK = YES;
				CLANG_WARN_BLOCK_CAPTURE_AUTORELEASING = YES;
				CLANG_WARN_BOOL_CONVERSION = YES;
				CLANG_WARN_COMMA = YES;
				CLANG_WARN_CONSTANT_CONVERSION = YES;
				CLANG_WARN_DEPRECATED_OBJC_IMPLEMENTATIONS = YES;
				CLANG_WARN_DIRECT_OBJC_ISA_USAGE = YES_ERROR;
				CLANG_WARN_DOCUMENTATION_COMMENTS = YES;
				CLANG_WARN_EMPTY_BODY = YES;
				CLANG_WARN_ENUM_CONVERSION = YES;
				CLANG_WARN_INFINITE_RECURSION = YES;
				CLANG_WARN_INT_CONVERSION = YES;
				CLANG_WARN_NON_LITERAL_NULL_CONVERSION = YES;
				CLANG_WARN_OBJC_IMPLICIT_RETAIN_SELF = YES;
				CLANG_WARN_OBJC_LITERAL_CONVERSION = YES;
				CLANG_WARN_OBJC_ROOT_CLASS = YES_ERROR;
				CLANG_WARN_QUOTED_INCLUDE_IN_FRAMEWORK_HEADER = YES;
				CLANG_WARN_RANGE_LOOP_ANALYSIS = YES;
				CLANG_WARN_STRICT_PROTOTYPES = YES;
				CLANG_WARN_SUSPICIOUS_MOVE = YES;
				CLANG_WARN_UNGUARDED_AVAILABILITY = YES_AGGRESSIVE;
				CLANG_WARN_UNREACHABLE_CODE = YES;
				CLANG_WARN__DUPLICATE_METHOD_MATCH = YES;
				COPY_PHASE_STRIP = NO;
				DEBUG_INFORMATION_FORMAT = dwarf;
				ENABLE_STRICT_OBJC_MSGSEND = YES;
				ENABLE_TESTABILITY = YES;
				GCC_C_LANGUAGE_STANDARD = gnu11;
				GCC_DYNAMIC_NO_PIC = NO;
				GCC_NO_COMMON_BLOCKS = YES;
				GCC_OPTIMIZATION_LEVEL = 0;
				GCC_PREPROCESSOR_DEFINITIONS = (
					"DEBUG=1",
					"$(inherited)",
				);
				GCC_WARN_64_TO_32_BIT_CONVERSION = YES;
				GCC_WARN_ABOUT_RETURN_TYPE = YES_ERROR;
				GCC_WARN_UNDECLARED_SELECTOR = YES;
				GCC_WARN_UNINITIALIZED_AUTOS = YES_AGGRESSIVE;
				GCC_WARN_UNUSED_FUNCTION = YES;
				GCC_WARN_UNUSED_VARIABLE = YES;
				MTL_ENABLE_DEBUG_INFO = INCLUDE_SOURCE;
				MTL_FAST_MATH = YES;
				ONLY_ACTIVE_ARCH = YES;
				SWIFT_ACTIVE_COMPILATION_CONDITIONS = DEBUG;
				SWIFT_OPTIMIZATION_LEVEL = "-Onone";
			};
			name = Debug;
		};
		46177D4929E52D0E00EB27B1 /* Release */ = {
			isa = XCBuildConfiguration;
			buildSettings = {
				ALWAYS_SEARCH_USER_PATHS = NO;
				CLANG_ANALYZER_NONNULL = YES;
				CLANG_ANALYZER_NUMBER_OBJECT_CONVERSION = YES_AGGRESSIVE;
				CLANG_CXX_LANGUAGE_STANDARD = "gnu++20";
				CLANG_ENABLE_MODULES = YES;
				CLANG_ENABLE_OBJC_ARC = YES;
				CLANG_ENABLE_OBJC_WEAK = YES;
				CLANG_WARN_BLOCK_CAPTURE_AUTORELEASING = YES;
				CLANG_WARN_BOOL_CONVERSION = YES;
				CLANG_WARN_COMMA = YES;
				CLANG_WARN_CONSTANT_CONVERSION = YES;
				CLANG_WARN_DEPRECATED_OBJC_IMPLEMENTATIONS = YES;
				CLANG_WARN_DIRECT_OBJC_ISA_USAGE = YES_ERROR;
				CLANG_WARN_DOCUMENTATION_COMMENTS = YES;
				CLANG_WARN_EMPTY_BODY = YES;
				CLANG_WARN_ENUM_CONVERSION = YES;
				CLANG_WARN_INFINITE_RECURSION = YES;
				CLANG_WARN_INT_CONVERSION = YES;
				CLANG_WARN_NON_LITERAL_NULL_CONVERSION = YES;
				CLANG_WARN_OBJC_IMPLICIT_RETAIN_SELF = YES;
				CLANG_WARN_OBJC_LITERAL_CONVERSION = YES;
				CLANG_WARN_OBJC_ROOT_CLASS = YES_ERROR;
				CLANG_WARN_QUOTED_INCLUDE_IN_FRAMEWORK_HEADER = YES;
				CLANG_WARN_RANGE_LOOP_ANALYSIS = YES;
				CLANG_WARN_STRICT_PROTOTYPES = YES;
				CLANG_WARN_SUSPICIOUS_MOVE = YES;
				CLANG_WARN_UNGUARDED_AVAILABILITY = YES_AGGRESSIVE;
				CLANG_WARN_UNREACHABLE_CODE = YES;
				CLANG_WARN__DUPLICATE_METHOD_MATCH = YES;
				COPY_PHASE_STRIP = NO;
				DEBUG_INFORMATION_FORMAT = "dwarf-with-dsym";
				ENABLE_NS_ASSERTIONS = NO;
				ENABLE_STRICT_OBJC_MSGSEND = YES;
				GCC_C_LANGUAGE_STANDARD = gnu11;
				GCC_NO_COMMON_BLOCKS = YES;
				GCC_WARN_64_TO_32_BIT_CONVERSION = YES;
				GCC_WARN_ABOUT_RETURN_TYPE = YES_ERROR;
				GCC_WARN_UNDECLARED_SELECTOR = YES;
				GCC_WARN_UNINITIALIZED_AUTOS = YES_AGGRESSIVE;
				GCC_WARN_UNUSED_FUNCTION = YES;
				GCC_WARN_UNUSED_VARIABLE = YES;
				MTL_ENABLE_DEBUG_INFO = NO;
				MTL_FAST_MATH = YES;
				SWIFT_COMPILATION_MODE = wholemodule;
				SWIFT_OPTIMIZATION_LEVEL = "-O";
			};
			name = Release;
		};
		46177D4B29E52D0E00EB27B1 /* Debug */ = {
			isa = XCBuildConfiguration;
			buildSettings = {
				ASSETCATALOG_COMPILER_APPICON_NAME = AppIcon;
				ASSETCATALOG_COMPILER_GLOBAL_ACCENT_COLOR_NAME = AccentColor;
				CODE_SIGN_ENTITLEMENTS = PostsCleanAndMVVM/PostsCleanAndMVVM.entitlements;
				CODE_SIGN_STYLE = Automatic;
				CURRENT_PROJECT_VERSION = 1;
				DEVELOPMENT_ASSET_PATHS = "\"PostsCleanAndMVVM/Preview Content\"";
				ENABLE_PREVIEWS = YES;
				GENERATE_INFOPLIST_FILE = YES;
				"INFOPLIST_KEY_UIApplicationSceneManifest_Generation[sdk=iphoneos*]" = YES;
				"INFOPLIST_KEY_UIApplicationSceneManifest_Generation[sdk=iphonesimulator*]" = YES;
				"INFOPLIST_KEY_UIApplicationSupportsIndirectInputEvents[sdk=iphoneos*]" = YES;
				"INFOPLIST_KEY_UIApplicationSupportsIndirectInputEvents[sdk=iphonesimulator*]" = YES;
				"INFOPLIST_KEY_UILaunchScreen_Generation[sdk=iphoneos*]" = YES;
				"INFOPLIST_KEY_UILaunchScreen_Generation[sdk=iphonesimulator*]" = YES;
				"INFOPLIST_KEY_UIStatusBarStyle[sdk=iphoneos*]" = UIStatusBarStyleDefault;
				"INFOPLIST_KEY_UIStatusBarStyle[sdk=iphonesimulator*]" = UIStatusBarStyleDefault;
				INFOPLIST_KEY_UISupportedInterfaceOrientations_iPad = "UIInterfaceOrientationPortrait UIInterfaceOrientationPortraitUpsideDown UIInterfaceOrientationLandscapeLeft UIInterfaceOrientationLandscapeRight";
				INFOPLIST_KEY_UISupportedInterfaceOrientations_iPhone = "UIInterfaceOrientationPortrait UIInterfaceOrientationLandscapeLeft UIInterfaceOrientationLandscapeRight";
				IPHONEOS_DEPLOYMENT_TARGET = 16.0;
				LD_RUNPATH_SEARCH_PATHS = "@executable_path/Frameworks";
				"LD_RUNPATH_SEARCH_PATHS[sdk=macosx*]" = "@executable_path/../Frameworks";
				MACOSX_DEPLOYMENT_TARGET = 12.3;
				MARKETING_VERSION = 1.0;
				PRODUCT_BUNDLE_IDENTIFIER = com.thoughtworks.PostsCleanAndMVVM;
				PRODUCT_NAME = "$(TARGET_NAME)";
				SDKROOT = auto;
				SUPPORTED_PLATFORMS = "iphoneos iphonesimulator macosx";
				SWIFT_EMIT_LOC_STRINGS = YES;
				SWIFT_VERSION = 5.0;
				TARGETED_DEVICE_FAMILY = "1,2";
			};
			name = Debug;
		};
		46177D4C29E52D0E00EB27B1 /* Release */ = {
			isa = XCBuildConfiguration;
			buildSettings = {
				ASSETCATALOG_COMPILER_APPICON_NAME = AppIcon;
				ASSETCATALOG_COMPILER_GLOBAL_ACCENT_COLOR_NAME = AccentColor;
				CODE_SIGN_ENTITLEMENTS = PostsCleanAndMVVM/PostsCleanAndMVVM.entitlements;
				CODE_SIGN_STYLE = Automatic;
				CURRENT_PROJECT_VERSION = 1;
				DEVELOPMENT_ASSET_PATHS = "\"PostsCleanAndMVVM/Preview Content\"";
				ENABLE_PREVIEWS = YES;
				GENERATE_INFOPLIST_FILE = YES;
				"INFOPLIST_KEY_UIApplicationSceneManifest_Generation[sdk=iphoneos*]" = YES;
				"INFOPLIST_KEY_UIApplicationSceneManifest_Generation[sdk=iphonesimulator*]" = YES;
				"INFOPLIST_KEY_UIApplicationSupportsIndirectInputEvents[sdk=iphoneos*]" = YES;
				"INFOPLIST_KEY_UIApplicationSupportsIndirectInputEvents[sdk=iphonesimulator*]" = YES;
				"INFOPLIST_KEY_UILaunchScreen_Generation[sdk=iphoneos*]" = YES;
				"INFOPLIST_KEY_UILaunchScreen_Generation[sdk=iphonesimulator*]" = YES;
				"INFOPLIST_KEY_UIStatusBarStyle[sdk=iphoneos*]" = UIStatusBarStyleDefault;
				"INFOPLIST_KEY_UIStatusBarStyle[sdk=iphonesimulator*]" = UIStatusBarStyleDefault;
				INFOPLIST_KEY_UISupportedInterfaceOrientations_iPad = "UIInterfaceOrientationPortrait UIInterfaceOrientationPortraitUpsideDown UIInterfaceOrientationLandscapeLeft UIInterfaceOrientationLandscapeRight";
				INFOPLIST_KEY_UISupportedInterfaceOrientations_iPhone = "UIInterfaceOrientationPortrait UIInterfaceOrientationLandscapeLeft UIInterfaceOrientationLandscapeRight";
				IPHONEOS_DEPLOYMENT_TARGET = 16.0;
				LD_RUNPATH_SEARCH_PATHS = "@executable_path/Frameworks";
				"LD_RUNPATH_SEARCH_PATHS[sdk=macosx*]" = "@executable_path/../Frameworks";
				MACOSX_DEPLOYMENT_TARGET = 12.3;
				MARKETING_VERSION = 1.0;
				PRODUCT_BUNDLE_IDENTIFIER = com.thoughtworks.PostsCleanAndMVVM;
				PRODUCT_NAME = "$(TARGET_NAME)";
				SDKROOT = auto;
				SUPPORTED_PLATFORMS = "iphoneos iphonesimulator macosx";
				SWIFT_EMIT_LOC_STRINGS = YES;
				SWIFT_VERSION = 5.0;
				TARGETED_DEVICE_FAMILY = "1,2";
			};
			name = Release;
		};
		46177D4E29E52D0E00EB27B1 /* Debug */ = {
			isa = XCBuildConfiguration;
			buildSettings = {
				ALWAYS_EMBED_SWIFT_STANDARD_LIBRARIES = YES;
				BUNDLE_LOADER = "$(TEST_HOST)";
				CODE_SIGN_STYLE = Automatic;
				CURRENT_PROJECT_VERSION = 1;
				GENERATE_INFOPLIST_FILE = YES;
				IPHONEOS_DEPLOYMENT_TARGET = 16.0;
				MACOSX_DEPLOYMENT_TARGET = 12.3;
				MARKETING_VERSION = 1.0;
				PRODUCT_BUNDLE_IDENTIFIER = com.thoughtworks.PostsCleanAndMVVMTests;
				PRODUCT_NAME = "$(TARGET_NAME)";
				SDKROOT = auto;
				SUPPORTED_PLATFORMS = "iphoneos iphonesimulator macosx";
				SWIFT_EMIT_LOC_STRINGS = NO;
				SWIFT_VERSION = 5.0;
				TARGETED_DEVICE_FAMILY = "1,2";
				TEST_HOST = "$(BUILT_PRODUCTS_DIR)/PostsCleanAndMVVM.app/$(BUNDLE_EXECUTABLE_FOLDER_PATH)/PostsCleanAndMVVM";
			};
			name = Debug;
		};
		46177D4F29E52D0E00EB27B1 /* Release */ = {
			isa = XCBuildConfiguration;
			buildSettings = {
				ALWAYS_EMBED_SWIFT_STANDARD_LIBRARIES = YES;
				BUNDLE_LOADER = "$(TEST_HOST)";
				CODE_SIGN_STYLE = Automatic;
				CURRENT_PROJECT_VERSION = 1;
				GENERATE_INFOPLIST_FILE = YES;
				IPHONEOS_DEPLOYMENT_TARGET = 16.0;
				MACOSX_DEPLOYMENT_TARGET = 12.3;
				MARKETING_VERSION = 1.0;
				PRODUCT_BUNDLE_IDENTIFIER = com.thoughtworks.PostsCleanAndMVVMTests;
				PRODUCT_NAME = "$(TARGET_NAME)";
				SDKROOT = auto;
				SUPPORTED_PLATFORMS = "iphoneos iphonesimulator macosx";
				SWIFT_EMIT_LOC_STRINGS = NO;
				SWIFT_VERSION = 5.0;
				TARGETED_DEVICE_FAMILY = "1,2";
				TEST_HOST = "$(BUILT_PRODUCTS_DIR)/PostsCleanAndMVVM.app/$(BUNDLE_EXECUTABLE_FOLDER_PATH)/PostsCleanAndMVVM";
			};
			name = Release;
		};
		46177D5129E52D0E00EB27B1 /* Debug */ = {
			isa = XCBuildConfiguration;
			buildSettings = {
				ALWAYS_EMBED_SWIFT_STANDARD_LIBRARIES = YES;
				CODE_SIGN_STYLE = Automatic;
				CURRENT_PROJECT_VERSION = 1;
				GENERATE_INFOPLIST_FILE = YES;
				IPHONEOS_DEPLOYMENT_TARGET = 16.0;
				MACOSX_DEPLOYMENT_TARGET = 12.3;
				MARKETING_VERSION = 1.0;
				PRODUCT_BUNDLE_IDENTIFIER = com.thoughtworks.PostsCleanAndMVVMUITests;
				PRODUCT_NAME = "$(TARGET_NAME)";
				SDKROOT = auto;
				SUPPORTED_PLATFORMS = "iphoneos iphonesimulator macosx";
				SWIFT_EMIT_LOC_STRINGS = NO;
				SWIFT_VERSION = 5.0;
				TARGETED_DEVICE_FAMILY = "1,2";
				TEST_TARGET_NAME = PostsCleanAndMVVM;
			};
			name = Debug;
		};
		46177D5229E52D0E00EB27B1 /* Release */ = {
			isa = XCBuildConfiguration;
			buildSettings = {
				ALWAYS_EMBED_SWIFT_STANDARD_LIBRARIES = YES;
				CODE_SIGN_STYLE = Automatic;
				CURRENT_PROJECT_VERSION = 1;
				GENERATE_INFOPLIST_FILE = YES;
				IPHONEOS_DEPLOYMENT_TARGET = 16.0;
				MACOSX_DEPLOYMENT_TARGET = 12.3;
				MARKETING_VERSION = 1.0;
				PRODUCT_BUNDLE_IDENTIFIER = com.thoughtworks.PostsCleanAndMVVMUITests;
				PRODUCT_NAME = "$(TARGET_NAME)";
				SDKROOT = auto;
				SUPPORTED_PLATFORMS = "iphoneos iphonesimulator macosx";
				SWIFT_EMIT_LOC_STRINGS = NO;
				SWIFT_VERSION = 5.0;
				TARGETED_DEVICE_FAMILY = "1,2";
				TEST_TARGET_NAME = PostsCleanAndMVVM;
			};
			name = Release;
		};
/* End XCBuildConfiguration section */

/* Begin XCConfigurationList section */
		46177D2029E52D0B00EB27B1 /* Build configuration list for PBXProject "PostsCleanAndMVVM" */ = {
			isa = XCConfigurationList;
			buildConfigurations = (
				46177D4829E52D0E00EB27B1 /* Debug */,
				46177D4929E52D0E00EB27B1 /* Release */,
			);
			defaultConfigurationIsVisible = 0;
			defaultConfigurationName = Release;
		};
		46177D4A29E52D0E00EB27B1 /* Build configuration list for PBXNativeTarget "PostsCleanAndMVVM" */ = {
			isa = XCConfigurationList;
			buildConfigurations = (
				46177D4B29E52D0E00EB27B1 /* Debug */,
				46177D4C29E52D0E00EB27B1 /* Release */,
			);
			defaultConfigurationIsVisible = 0;
			defaultConfigurationName = Release;
		};
		46177D4D29E52D0E00EB27B1 /* Build configuration list for PBXNativeTarget "PostsCleanAndMVVMTests" */ = {
			isa = XCConfigurationList;
			buildConfigurations = (
				46177D4E29E52D0E00EB27B1 /* Debug */,
				46177D4F29E52D0E00EB27B1 /* Release */,
			);
			defaultConfigurationIsVisible = 0;
			defaultConfigurationName = Release;
		};
		46177D5029E52D0E00EB27B1 /* Build configuration list for PBXNativeTarget "PostsCleanAndMVVMUITests" */ = {
			isa = XCConfigurationList;
			buildConfigurations = (
				46177D5129E52D0E00EB27B1 /* Debug */,
				46177D5229E52D0E00EB27B1 /* Release */,
			);
			defaultConfigurationIsVisible = 0;
			defaultConfigurationName = Release;
		};
/* End XCConfigurationList section */
	};
	rootObject = 46177D1D29E52D0B00EB27B1 /* Project object */;
}
